// !$*UTF8*$!
{
	archiveVersion = 1;
	classes = {
	};
	objectVersion = 56;
	objects = {

/* Begin PBXBuildFile section */
		DE2E972629B2150100B3902E /* AppDelegate.swift in Sources */ = {isa = PBXBuildFile; fileRef = DE2E972529B2150100B3902E /* AppDelegate.swift */; };
		DE2E972829B2150100B3902E /* SceneDelegate.swift in Sources */ = {isa = PBXBuildFile; fileRef = DE2E972729B2150100B3902E /* SceneDelegate.swift */; };
		DE2E972A29B2150100B3902E /* ViewController.swift in Sources */ = {isa = PBXBuildFile; fileRef = DE2E972929B2150100B3902E /* ViewController.swift */; };
		DE2E972D29B2150100B3902E /* Main.storyboard in Resources */ = {isa = PBXBuildFile; fileRef = DE2E972B29B2150100B3902E /* Main.storyboard */; };
		DE2E972F29B2150200B3902E /* Assets.xcassets in Resources */ = {isa = PBXBuildFile; fileRef = DE2E972E29B2150200B3902E /* Assets.xcassets */; };
		DE2E973229B2150200B3902E /* LaunchScreen.storyboard in Resources */ = {isa = PBXBuildFile; fileRef = DE2E973029B2150200B3902E /* LaunchScreen.storyboard */; };
		DE2E973D29B2150200B3902E /* ExampleSPMTests.swift in Sources */ = {isa = PBXBuildFile; fileRef = DE2E973C29B2150200B3902E /* ExampleSPMTests.swift */; };
		DE2E974729B2150200B3902E /* ExampleSPMUITests.swift in Sources */ = {isa = PBXBuildFile; fileRef = DE2E974629B2150200B3902E /* ExampleSPMUITests.swift */; };
		DE2E974929B2150200B3902E /* ExampleSPMUITestsLaunchTests.swift in Sources */ = {isa = PBXBuildFile; fileRef = DE2E974829B2150200B3902E /* ExampleSPMUITestsLaunchTests.swift */; };
/* End PBXBuildFile section */

/* Begin PBXContainerItemProxy section */
		DE2E973929B2150200B3902E /* PBXContainerItemProxy */ = {
			isa = PBXContainerItemProxy;
			containerPortal = DE2E971A29B2150100B3902E /* Project object */;
			proxyType = 1;
			remoteGlobalIDString = DE2E972129B2150100B3902E;
			remoteInfo = ExampleSPM;
		};
		DE2E974329B2150200B3902E /* PBXContainerItemProxy */ = {
			isa = PBXContainerItemProxy;
			containerPortal = DE2E971A29B2150100B3902E /* Project object */;
			proxyType = 1;
			remoteGlobalIDString = DE2E972129B2150100B3902E;
			remoteInfo = ExampleSPM;
		};
/* End PBXContainerItemProxy section */

/* Begin PBXFileReference section */
		DE2E972229B2150100B3902E /* ExampleSPM.app */ = {isa = PBXFileReference; explicitFileType = wrapper.application; includeInIndex = 0; path = ExampleSPM.app; sourceTree = BUILT_PRODUCTS_DIR; };
		DE2E972529B2150100B3902E /* AppDelegate.swift */ = {isa = PBXFileReference; lastKnownFileType = sourcecode.swift; path = AppDelegate.swift; sourceTree = "<group>"; };
		DE2E972729B2150100B3902E /* SceneDelegate.swift */ = {isa = PBXFileReference; lastKnownFileType = sourcecode.swift; path = SceneDelegate.swift; sourceTree = "<group>"; };
		DE2E972929B2150100B3902E /* ViewController.swift */ = {isa = PBXFileReference; lastKnownFileType = sourcecode.swift; path = ViewController.swift; sourceTree = "<group>"; };
		DE2E972C29B2150100B3902E /* Base */ = {isa = PBXFileReference; lastKnownFileType = file.storyboard; name = Base; path = Base.lproj/Main.storyboard; sourceTree = "<group>"; };
		DE2E972E29B2150200B3902E /* Assets.xcassets */ = {isa = PBXFileReference; lastKnownFileType = folder.assetcatalog; path = Assets.xcassets; sourceTree = "<group>"; };
		DE2E973129B2150200B3902E /* Base */ = {isa = PBXFileReference; lastKnownFileType = file.storyboard; name = Base; path = Base.lproj/LaunchScreen.storyboard; sourceTree = "<group>"; };
		DE2E973329B2150200B3902E /* Info.plist */ = {isa = PBXFileReference; lastKnownFileType = text.plist.xml; path = Info.plist; sourceTree = "<group>"; };
		DE2E973829B2150200B3902E /* ExampleSPMTests.xctest */ = {isa = PBXFileReference; explicitFileType = wrapper.cfbundle; includeInIndex = 0; path = ExampleSPMTests.xctest; sourceTree = BUILT_PRODUCTS_DIR; };
		DE2E973C29B2150200B3902E /* ExampleSPMTests.swift */ = {isa = PBXFileReference; lastKnownFileType = sourcecode.swift; path = ExampleSPMTests.swift; sourceTree = "<group>"; };
		DE2E974229B2150200B3902E /* ExampleSPMUITests.xctest */ = {isa = PBXFileReference; explicitFileType = wrapper.cfbundle; includeInIndex = 0; path = ExampleSPMUITests.xctest; sourceTree = BUILT_PRODUCTS_DIR; };
		DE2E974629B2150200B3902E /* ExampleSPMUITests.swift */ = {isa = PBXFileReference; lastKnownFileType = sourcecode.swift; path = ExampleSPMUITests.swift; sourceTree = "<group>"; };
		DE2E974829B2150200B3902E /* ExampleSPMUITestsLaunchTests.swift */ = {isa = PBXFileReference; lastKnownFileType = sourcecode.swift; path = ExampleSPMUITestsLaunchTests.swift; sourceTree = "<group>"; };
		DE2E975629B2153500B3902E /* Sencha */ = {isa = PBXFileReference; lastKnownFileType = wrapper; name = Sencha; path = ..; sourceTree = "<group>"; };
/* End PBXFileReference section */

/* Begin PBXFrameworksBuildPhase section */
		DE2E971F29B2150100B3902E /* Frameworks */ = {
			isa = PBXFrameworksBuildPhase;
			buildActionMask = 2147483647;
			files = (
			);
			runOnlyForDeploymentPostprocessing = 0;
		};
		DE2E973529B2150200B3902E /* Frameworks */ = {
			isa = PBXFrameworksBuildPhase;
			buildActionMask = 2147483647;
			files = (
			);
			runOnlyForDeploymentPostprocessing = 0;
		};
		DE2E973F29B2150200B3902E /* Frameworks */ = {
			isa = PBXFrameworksBuildPhase;
			buildActionMask = 2147483647;
			files = (
			);
			runOnlyForDeploymentPostprocessing = 0;
		};
/* End PBXFrameworksBuildPhase section */

/* Begin PBXGroup section */
		DE2E971929B2150100B3902E = {
			isa = PBXGroup;
			children = (
				DE2E975529B2153500B3902E /* Packages */,
				DE2E972429B2150100B3902E /* ExampleSPM */,
				DE2E973B29B2150200B3902E /* ExampleSPMTests */,
				DE2E974529B2150200B3902E /* ExampleSPMUITests */,
				DE2E972329B2150100B3902E /* Products */,
			);
			sourceTree = "<group>";
		};
		DE2E972329B2150100B3902E /* Products */ = {
			isa = PBXGroup;
			children = (
				DE2E972229B2150100B3902E /* ExampleSPM.app */,
				DE2E973829B2150200B3902E /* ExampleSPMTests.xctest */,
				DE2E974229B2150200B3902E /* ExampleSPMUITests.xctest */,
			);
			name = Products;
			sourceTree = "<group>";
		};
		DE2E972429B2150100B3902E /* ExampleSPM */ = {
			isa = PBXGroup;
			children = (
				DE2E972529B2150100B3902E /* AppDelegate.swift */,
				DE2E972729B2150100B3902E /* SceneDelegate.swift */,
				DE2E972929B2150100B3902E /* ViewController.swift */,
				DE2E972B29B2150100B3902E /* Main.storyboard */,
				DE2E972E29B2150200B3902E /* Assets.xcassets */,
				DE2E973029B2150200B3902E /* LaunchScreen.storyboard */,
				DE2E973329B2150200B3902E /* Info.plist */,
			);
			path = ExampleSPM;
			sourceTree = "<group>";
		};
		DE2E973B29B2150200B3902E /* ExampleSPMTests */ = {
			isa = PBXGroup;
			children = (
				DE2E973C29B2150200B3902E /* ExampleSPMTests.swift */,
			);
			path = ExampleSPMTests;
			sourceTree = "<group>";
		};
		DE2E974529B2150200B3902E /* ExampleSPMUITests */ = {
			isa = PBXGroup;
			children = (
				DE2E974629B2150200B3902E /* ExampleSPMUITests.swift */,
				DE2E974829B2150200B3902E /* ExampleSPMUITestsLaunchTests.swift */,
			);
			path = ExampleSPMUITests;
			sourceTree = "<group>";
		};
		DE2E975529B2153500B3902E /* Packages */ = {
			isa = PBXGroup;
			children = (
				DE2E975629B2153500B3902E /* Sencha */,
			);
			name = Packages;
			sourceTree = "<group>";
		};
/* End PBXGroup section */

/* Begin PBXNativeTarget section */
		DE2E972129B2150100B3902E /* ExampleSPM */ = {
			isa = PBXNativeTarget;
			buildConfigurationList = DE2E974C29B2150200B3902E /* Build configuration list for PBXNativeTarget "ExampleSPM" */;
			buildPhases = (
				DE2E971E29B2150100B3902E /* Sources */,
				DE2E971F29B2150100B3902E /* Frameworks */,
				DE2E972029B2150100B3902E /* Resources */,
			);
			buildRules = (
			);
			dependencies = (
			);
			name = ExampleSPM;
			productName = ExampleSPM;
			productReference = DE2E972229B2150100B3902E /* ExampleSPM.app */;
			productType = "com.apple.product-type.application";
		};
		DE2E973729B2150200B3902E /* ExampleSPMTests */ = {
			isa = PBXNativeTarget;
			buildConfigurationList = DE2E974F29B2150200B3902E /* Build configuration list for PBXNativeTarget "ExampleSPMTests" */;
			buildPhases = (
				DE2E973429B2150200B3902E /* Sources */,
				DE2E973529B2150200B3902E /* Frameworks */,
				DE2E973629B2150200B3902E /* Resources */,
			);
			buildRules = (
			);
			dependencies = (
				DE2E973A29B2150200B3902E /* PBXTargetDependency */,
			);
			name = ExampleSPMTests;
			productName = ExampleSPMTests;
			productReference = DE2E973829B2150200B3902E /* ExampleSPMTests.xctest */;
			productType = "com.apple.product-type.bundle.unit-test";
		};
		DE2E974129B2150200B3902E /* ExampleSPMUITests */ = {
			isa = PBXNativeTarget;
			buildConfigurationList = DE2E975229B2150200B3902E /* Build configuration list for PBXNativeTarget "ExampleSPMUITests" */;
			buildPhases = (
				DE2E973E29B2150200B3902E /* Sources */,
				DE2E973F29B2150200B3902E /* Frameworks */,
				DE2E974029B2150200B3902E /* Resources */,
			);
			buildRules = (
			);
			dependencies = (
				DE2E974429B2150200B3902E /* PBXTargetDependency */,
			);
			name = ExampleSPMUITests;
			productName = ExampleSPMUITests;
			productReference = DE2E974229B2150200B3902E /* ExampleSPMUITests.xctest */;
			productType = "com.apple.product-type.bundle.ui-testing";
		};
/* End PBXNativeTarget section */

/* Begin PBXProject section */
		DE2E971A29B2150100B3902E /* Project object */ = {
			isa = PBXProject;
			attributes = {
				BuildIndependentTargetsInParallel = 1;
				LastSwiftUpdateCheck = 1400;
				LastUpgradeCheck = 1400;
				TargetAttributes = {
					DE2E972129B2150100B3902E = {
						CreatedOnToolsVersion = 14.0.1;
					};
					DE2E973729B2150200B3902E = {
						CreatedOnToolsVersion = 14.0.1;
						TestTargetID = DE2E972129B2150100B3902E;
					};
					DE2E974129B2150200B3902E = {
						CreatedOnToolsVersion = 14.0.1;
						TestTargetID = DE2E972129B2150100B3902E;
					};
				};
			};
			buildConfigurationList = DE2E971D29B2150100B3902E /* Build configuration list for PBXProject "ExampleSPM" */;
			compatibilityVersion = "Xcode 14.0";
			developmentRegion = en;
			hasScannedForEncodings = 0;
			knownRegions = (
				en,
				Base,
			);
			mainGroup = DE2E971929B2150100B3902E;
			productRefGroup = DE2E972329B2150100B3902E /* Products */;
			projectDirPath = "";
			projectRoot = "";
			targets = (
				DE2E972129B2150100B3902E /* ExampleSPM */,
				DE2E973729B2150200B3902E /* ExampleSPMTests */,
				DE2E974129B2150200B3902E /* ExampleSPMUITests */,
			);
		};
/* End PBXProject section */

/* Begin PBXResourcesBuildPhase section */
		DE2E972029B2150100B3902E /* Resources */ = {
			isa = PBXResourcesBuildPhase;
			buildActionMask = 2147483647;
			files = (
				DE2E973229B2150200B3902E /* LaunchScreen.storyboard in Resources */,
				DE2E972F29B2150200B3902E /* Assets.xcassets in Resources */,
				DE2E972D29B2150100B3902E /* Main.storyboard in Resources */,
			);
			runOnlyForDeploymentPostprocessing = 0;
		};
		DE2E973629B2150200B3902E /* Resources */ = {
			isa = PBXResourcesBuildPhase;
			buildActionMask = 2147483647;
			files = (
			);
			runOnlyForDeploymentPostprocessing = 0;
		};
		DE2E974029B2150200B3902E /* Resources */ = {
			isa = PBXResourcesBuildPhase;
			buildActionMask = 2147483647;
			files = (
			);
			runOnlyForDeploymentPostprocessing = 0;
		};
/* End PBXResourcesBuildPhase section */

/* Begin PBXSourcesBuildPhase section */
		DE2E971E29B2150100B3902E /* Sources */ = {
			isa = PBXSourcesBuildPhase;
			buildActionMask = 2147483647;
			files = (
				DE2E972A29B2150100B3902E /* ViewController.swift in Sources */,
				DE2E972629B2150100B3902E /* AppDelegate.swift in Sources */,
				DE2E972829B2150100B3902E /* SceneDelegate.swift in Sources */,
			);
			runOnlyForDeploymentPostprocessing = 0;
		};
		DE2E973429B2150200B3902E /* Sources */ = {
			isa = PBXSourcesBuildPhase;
			buildActionMask = 2147483647;
			files = (
				DE2E973D29B2150200B3902E /* ExampleSPMTests.swift in Sources */,
			);
			runOnlyForDeploymentPostprocessing = 0;
		};
		DE2E973E29B2150200B3902E /* Sources */ = {
			isa = PBXSourcesBuildPhase;
			buildActionMask = 2147483647;
			files = (
				DE2E974929B2150200B3902E /* ExampleSPMUITestsLaunchTests.swift in Sources */,
				DE2E974729B2150200B3902E /* ExampleSPMUITests.swift in Sources */,
			);
			runOnlyForDeploymentPostprocessing = 0;
		};
/* End PBXSourcesBuildPhase section */

/* Begin PBXTargetDependency section */
		DE2E973A29B2150200B3902E /* PBXTargetDependency */ = {
			isa = PBXTargetDependency;
			target = DE2E972129B2150100B3902E /* ExampleSPM */;
			targetProxy = DE2E973929B2150200B3902E /* PBXContainerItemProxy */;
		};
		DE2E974429B2150200B3902E /* PBXTargetDependency */ = {
			isa = PBXTargetDependency;
			target = DE2E972129B2150100B3902E /* ExampleSPM */;
			targetProxy = DE2E974329B2150200B3902E /* PBXContainerItemProxy */;
		};
/* End PBXTargetDependency section */

/* Begin PBXVariantGroup section */
		DE2E972B29B2150100B3902E /* Main.storyboard */ = {
			isa = PBXVariantGroup;
			children = (
				DE2E972C29B2150100B3902E /* Base */,
			);
			name = Main.storyboard;
			sourceTree = "<group>";
		};
		DE2E973029B2150200B3902E /* LaunchScreen.storyboard */ = {
			isa = PBXVariantGroup;
			children = (
				DE2E973129B2150200B3902E /* Base */,
			);
			name = LaunchScreen.storyboard;
			sourceTree = "<group>";
		};
/* End PBXVariantGroup section */

/* Begin XCBuildConfiguration section */
		DE2E974A29B2150200B3902E /* Debug */ = {
			isa = XCBuildConfiguration;
			buildSettings = {
				ALWAYS_SEARCH_USER_PATHS = NO;
				CLANG_ANALYZER_NONNULL = YES;
				CLANG_ANALYZER_NUMBER_OBJECT_CONVERSION = YES_AGGRESSIVE;
				CLANG_CXX_LANGUAGE_STANDARD = "gnu++20";
				CLANG_ENABLE_MODULES = YES;
				CLANG_ENABLE_OBJC_ARC = YES;
				CLANG_ENABLE_OBJC_WEAK = YES;
				CLANG_WARN_BLOCK_CAPTURE_AUTORELEASING = YES;
				CLANG_WARN_BOOL_CONVERSION = YES;
				CLANG_WARN_COMMA = YES;
				CLANG_WARN_CONSTANT_CONVERSION = YES;
				CLANG_WARN_DEPRECATED_OBJC_IMPLEMENTATIONS = YES;
				CLANG_WARN_DIRECT_OBJC_ISA_USAGE = YES_ERROR;
				CLANG_WARN_DOCUMENTATION_COMMENTS = YES;
				CLANG_WARN_EMPTY_BODY = YES;
				CLANG_WARN_ENUM_CONVERSION = YES;
				CLANG_WARN_INFINITE_RECURSION = YES;
				CLANG_WARN_INT_CONVERSION = YES;
				CLANG_WARN_NON_LITERAL_NULL_CONVERSION = YES;
				CLANG_WARN_OBJC_IMPLICIT_RETAIN_SELF = YES;
				CLANG_WARN_OBJC_LITERAL_CONVERSION = YES;
				CLANG_WARN_OBJC_ROOT_CLASS = YES_ERROR;
				CLANG_WARN_QUOTED_INCLUDE_IN_FRAMEWORK_HEADER = YES;
				CLANG_WARN_RANGE_LOOP_ANALYSIS = YES;
				CLANG_WARN_STRICT_PROTOTYPES = YES;
				CLANG_WARN_SUSPICIOUS_MOVE = YES;
				CLANG_WARN_UNGUARDED_AVAILABILITY = YES_AGGRESSIVE;
				CLANG_WARN_UNREACHABLE_CODE = YES;
				CLANG_WARN__DUPLICATE_METHOD_MATCH = YES;
				COPY_PHASE_STRIP = NO;
				DEBUG_INFORMATION_FORMAT = dwarf;
				ENABLE_STRICT_OBJC_MSGSEND = YES;
				ENABLE_TESTABILITY = YES;
				GCC_C_LANGUAGE_STANDARD = gnu11;
				GCC_DYNAMIC_NO_PIC = NO;
				GCC_NO_COMMON_BLOCKS = YES;
				GCC_OPTIMIZATION_LEVEL = 0;
				GCC_PREPROCESSOR_DEFINITIONS = (
					"DEBUG=1",
					"$(inherited)",
				);
				GCC_WARN_64_TO_32_BIT_CONVERSION = YES;
				GCC_WARN_ABOUT_RETURN_TYPE = YES_ERROR;
				GCC_WARN_UNDECLARED_SELECTOR = YES;
				GCC_WARN_UNINITIALIZED_AUTOS = YES_AGGRESSIVE;
				GCC_WARN_UNUSED_FUNCTION = YES;
				GCC_WARN_UNUSED_VARIABLE = YES;
				IPHONEOS_DEPLOYMENT_TARGET = 16.0;
				MTL_ENABLE_DEBUG_INFO = INCLUDE_SOURCE;
				MTL_FAST_MATH = YES;
				ONLY_ACTIVE_ARCH = YES;
				SDKROOT = iphoneos;
				SWIFT_ACTIVE_COMPILATION_CONDITIONS = DEBUG;
				SWIFT_OPTIMIZATION_LEVEL = "-Onone";
			};
			name = Debug;
		};
		DE2E974B29B2150200B3902E /* Release */ = {
			isa = XCBuildConfiguration;
			buildSettings = {
				ALWAYS_SEARCH_USER_PATHS = NO;
				CLANG_ANALYZER_NONNULL = YES;
				CLANG_ANALYZER_NUMBER_OBJECT_CONVERSION = YES_AGGRESSIVE;
				CLANG_CXX_LANGUAGE_STANDARD = "gnu++20";
				CLANG_ENABLE_MODULES = YES;
				CLANG_ENABLE_OBJC_ARC = YES;
				CLANG_ENABLE_OBJC_WEAK = YES;
				CLANG_WARN_BLOCK_CAPTURE_AUTORELEASING = YES;
				CLANG_WARN_BOOL_CONVERSION = YES;
				CLANG_WARN_COMMA = YES;
				CLANG_WARN_CONSTANT_CONVERSION = YES;
				CLANG_WARN_DEPRECATED_OBJC_IMPLEMENTATIONS = YES;
				CLANG_WARN_DIRECT_OBJC_ISA_USAGE = YES_ERROR;
				CLANG_WARN_DOCUMENTATION_COMMENTS = YES;
				CLANG_WARN_EMPTY_BODY = YES;
				CLANG_WARN_ENUM_CONVERSION = YES;
				CLANG_WARN_INFINITE_RECURSION = YES;
				CLANG_WARN_INT_CONVERSION = YES;
				CLANG_WARN_NON_LITERAL_NULL_CONVERSION = YES;
				CLANG_WARN_OBJC_IMPLICIT_RETAIN_SELF = YES;
				CLANG_WARN_OBJC_LITERAL_CONVERSION = YES;
				CLANG_WARN_OBJC_ROOT_CLASS = YES_ERROR;
				CLANG_WARN_QUOTED_INCLUDE_IN_FRAMEWORK_HEADER = YES;
				CLANG_WARN_RANGE_LOOP_ANALYSIS = YES;
				CLANG_WARN_STRICT_PROTOTYPES = YES;
				CLANG_WARN_SUSPICIOUS_MOVE = YES;
				CLANG_WARN_UNGUARDED_AVAILABILITY = YES_AGGRESSIVE;
				CLANG_WARN_UNREACHABLE_CODE = YES;
				CLANG_WARN__DUPLICATE_METHOD_MATCH = YES;
				COPY_PHASE_STRIP = NO;
				DEBUG_INFORMATION_FORMAT = "dwarf-with-dsym";
				ENABLE_NS_ASSERTIONS = NO;
				ENABLE_STRICT_OBJC_MSGSEND = YES;
				GCC_C_LANGUAGE_STANDARD = gnu11;
				GCC_NO_COMMON_BLOCKS = YES;
				GCC_WARN_64_TO_32_BIT_CONVERSION = YES;
				GCC_WARN_ABOUT_RETURN_TYPE = YES_ERROR;
				GCC_WARN_UNDECLARED_SELECTOR = YES;
				GCC_WARN_UNINITIALIZED_AUTOS = YES_AGGRESSIVE;
				GCC_WARN_UNUSED_FUNCTION = YES;
				GCC_WARN_UNUSED_VARIABLE = YES;
				IPHONEOS_DEPLOYMENT_TARGET = 16.0;
				MTL_ENABLE_DEBUG_INFO = NO;
				MTL_FAST_MATH = YES;
				SDKROOT = iphoneos;
				SWIFT_COMPILATION_MODE = wholemodule;
				SWIFT_OPTIMIZATION_LEVEL = "-O";
				VALIDATE_PRODUCT = YES;
			};
			name = Release;
		};
		DE2E974D29B2150200B3902E /* Debug */ = {
			isa = XCBuildConfiguration;
			buildSettings = {
				ASSETCATALOG_COMPILER_APPICON_NAME = AppIcon;
				ASSETCATALOG_COMPILER_GLOBAL_ACCENT_COLOR_NAME = AccentColor;
				CODE_SIGN_STYLE = Automatic;
				CURRENT_PROJECT_VERSION = 1;
				DEVELOPMENT_TEAM = RCTL45N8E9;
				GENERATE_INFOPLIST_FILE = YES;
				INFOPLIST_FILE = ExampleSPM/Info.plist;
				INFOPLIST_KEY_UIApplicationSupportsIndirectInputEvents = YES;
				INFOPLIST_KEY_UILaunchStoryboardName = LaunchScreen;
				INFOPLIST_KEY_UIMainStoryboardFile = Main;
				INFOPLIST_KEY_UISupportedInterfaceOrientations_iPad = "UIInterfaceOrientationPortrait UIInterfaceOrientationPortraitUpsideDown UIInterfaceOrientationLandscapeLeft UIInterfaceOrientationLandscapeRight";
				INFOPLIST_KEY_UISupportedInterfaceOrientations_iPhone = "UIInterfaceOrientationPortrait UIInterfaceOrientationLandscapeLeft UIInterfaceOrientationLandscapeRight";
				LD_RUNPATH_SEARCH_PATHS = (
					"$(inherited)",
					"@executable_path/Frameworks",
				);
				MARKETING_VERSION = 1.0;
				PRODUCT_BUNDLE_IDENTIFIER = com.adevinta.ExampleSPM;
				PRODUCT_NAME = "$(TARGET_NAME)";
				SWIFT_EMIT_LOC_STRINGS = YES;
				SWIFT_VERSION = 5.0;
				TARGETED_DEVICE_FAMILY = "1,2";
			};
			name = Debug;
		};
		DE2E974E29B2150200B3902E /* Release */ = {
			isa = XCBuildConfiguration;
			buildSettings = {
				ASSETCATALOG_COMPILER_APPICON_NAME = AppIcon;
				ASSETCATALOG_COMPILER_GLOBAL_ACCENT_COLOR_NAME = AccentColor;
				CODE_SIGN_STYLE = Automatic;
				CURRENT_PROJECT_VERSION = 1;
				DEVELOPMENT_TEAM = RCTL45N8E9;
				GENERATE_INFOPLIST_FILE = YES;
				INFOPLIST_FILE = ExampleSPM/Info.plist;
				INFOPLIST_KEY_UIApplicationSupportsIndirectInputEvents = YES;
				INFOPLIST_KEY_UILaunchStoryboardName = LaunchScreen;
				INFOPLIST_KEY_UIMainStoryboardFile = Main;
				INFOPLIST_KEY_UISupportedInterfaceOrientations_iPad = "UIInterfaceOrientationPortrait UIInterfaceOrientationPortraitUpsideDown UIInterfaceOrientationLandscapeLeft UIInterfaceOrientationLandscapeRight";
				INFOPLIST_KEY_UISupportedInterfaceOrientations_iPhone = "UIInterfaceOrientationPortrait UIInterfaceOrientationLandscapeLeft UIInterfaceOrientationLandscapeRight";
				LD_RUNPATH_SEARCH_PATHS = (
					"$(inherited)",
					"@executable_path/Frameworks",
				);
				MARKETING_VERSION = 1.0;
				PRODUCT_BUNDLE_IDENTIFIER = com.adevinta.ExampleSPM;
				PRODUCT_NAME = "$(TARGET_NAME)";
				SWIFT_EMIT_LOC_STRINGS = YES;
				SWIFT_VERSION = 5.0;
				TARGETED_DEVICE_FAMILY = "1,2";
			};
			name = Release;
		};
		DE2E975029B2150200B3902E /* Debug */ = {
			isa = XCBuildConfiguration;
			buildSettings = {
				ALWAYS_EMBED_SWIFT_STANDARD_LIBRARIES = YES;
				BUNDLE_LOADER = "$(TEST_HOST)";
				CODE_SIGN_STYLE = Automatic;
				CURRENT_PROJECT_VERSION = 1;
				DEVELOPMENT_TEAM = RCTL45N8E9;
				GENERATE_INFOPLIST_FILE = YES;
				IPHONEOS_DEPLOYMENT_TARGET = 16.0;
				MARKETING_VERSION = 1.0;
				PRODUCT_BUNDLE_IDENTIFIER = com.adevinta.ExampleSPMTests;
				PRODUCT_NAME = "$(TARGET_NAME)";
				SWIFT_EMIT_LOC_STRINGS = NO;
				SWIFT_VERSION = 5.0;
				TARGETED_DEVICE_FAMILY = "1,2";
				TEST_HOST = "$(BUILT_PRODUCTS_DIR)/ExampleSPM.app/$(BUNDLE_EXECUTABLE_FOLDER_PATH)/ExampleSPM";
			};
			name = Debug;
		};
		DE2E975129B2150200B3902E /* Release */ = {
			isa = XCBuildConfiguration;
			buildSettings = {
				ALWAYS_EMBED_SWIFT_STANDARD_LIBRARIES = YES;
				BUNDLE_LOADER = "$(TEST_HOST)";
				CODE_SIGN_STYLE = Automatic;
				CURRENT_PROJECT_VERSION = 1;
				DEVELOPMENT_TEAM = RCTL45N8E9;
				GENERATE_INFOPLIST_FILE = YES;
				IPHONEOS_DEPLOYMENT_TARGET = 16.0;
				MARKETING_VERSION = 1.0;
				PRODUCT_BUNDLE_IDENTIFIER = com.adevinta.ExampleSPMTests;
				PRODUCT_NAME = "$(TARGET_NAME)";
				SWIFT_EMIT_LOC_STRINGS = NO;
				SWIFT_VERSION = 5.0;
				TARGETED_DEVICE_FAMILY = "1,2";
				TEST_HOST = "$(BUILT_PRODUCTS_DIR)/ExampleSPM.app/$(BUNDLE_EXECUTABLE_FOLDER_PATH)/ExampleSPM";
			};
			name = Release;
		};
		DE2E975329B2150200B3902E /* Debug */ = {
			isa = XCBuildConfiguration;
			buildSettings = {
				ALWAYS_EMBED_SWIFT_STANDARD_LIBRARIES = YES;
				CODE_SIGN_STYLE = Automatic;
				CURRENT_PROJECT_VERSION = 1;
				DEVELOPMENT_TEAM = RCTL45N8E9;
				GENERATE_INFOPLIST_FILE = YES;
				MARKETING_VERSION = 1.0;
				PRODUCT_BUNDLE_IDENTIFIER = com.adevinta.ExampleSPMUITests;
				PRODUCT_NAME = "$(TARGET_NAME)";
				SWIFT_EMIT_LOC_STRINGS = NO;
				SWIFT_VERSION = 5.0;
				TARGETED_DEVICE_FAMILY = "1,2";
				TEST_TARGET_NAME = ExampleSPM;
			};
			name = Debug;
		};
		DE2E975429B2150200B3902E /* Release */ = {
			isa = XCBuildConfiguration;
			buildSettings = {
				ALWAYS_EMBED_SWIFT_STANDARD_LIBRARIES = YES;
				CODE_SIGN_STYLE = Automatic;
				CURRENT_PROJECT_VERSION = 1;
				DEVELOPMENT_TEAM = RCTL45N8E9;
				GENERATE_INFOPLIST_FILE = YES;
				MARKETING_VERSION = 1.0;
				PRODUCT_BUNDLE_IDENTIFIER = com.adevinta.ExampleSPMUITests;
				PRODUCT_NAME = "$(TARGET_NAME)";
				SWIFT_EMIT_LOC_STRINGS = NO;
				SWIFT_VERSION = 5.0;
				TARGETED_DEVICE_FAMILY = "1,2";
				TEST_TARGET_NAME = ExampleSPM;
			};
			name = Release;
		};
/* End XCBuildConfiguration section */

/* Begin XCConfigurationList section */
		DE2E971D29B2150100B3902E /* Build configuration list for PBXProject "ExampleSPM" */ = {
			isa = XCConfigurationList;
			buildConfigurations = (
				DE2E974A29B2150200B3902E /* Debug */,
				DE2E974B29B2150200B3902E /* Release */,
			);
			defaultConfigurationIsVisible = 0;
			defaultConfigurationName = Release;
		};
		DE2E974C29B2150200B3902E /* Build configuration list for PBXNativeTarget "ExampleSPM" */ = {
			isa = XCConfigurationList;
			buildConfigurations = (
				DE2E974D29B2150200B3902E /* Debug */,
				DE2E974E29B2150200B3902E /* Release */,
			);
			defaultConfigurationIsVisible = 0;
			defaultConfigurationName = Release;
		};
		DE2E974F29B2150200B3902E /* Build configuration list for PBXNativeTarget "ExampleSPMTests" */ = {
			isa = XCConfigurationList;
			buildConfigurations = (
				DE2E975029B2150200B3902E /* Debug */,
				DE2E975129B2150200B3902E /* Release */,
			);
			defaultConfigurationIsVisible = 0;
			defaultConfigurationName = Release;
		};
		DE2E975229B2150200B3902E /* Build configuration list for PBXNativeTarget "ExampleSPMUITests" */ = {
			isa = XCConfigurationList;
			buildConfigurations = (
				DE2E975329B2150200B3902E /* Debug */,
				DE2E975429B2150200B3902E /* Release */,
			);
			defaultConfigurationIsVisible = 0;
			defaultConfigurationName = Release;
		};
/* End XCConfigurationList section */
	};
	rootObject = DE2E971A29B2150100B3902E /* Project object */;
}
