// !$*UTF8*$!
{
	archiveVersion = 1;
	classes = {
	};
	objectVersion = 46;
	objects = {

/* Begin PBXBuildFile section */
		418429261F56D310004CE40E /* AppDelegate.swift in Sources */ = {isa = PBXBuildFile; fileRef = 418429251F56D310004CE40E /* AppDelegate.swift */; };
		418429281F56D310004CE40E /* MainViewController.swift in Sources */ = {isa = PBXBuildFile; fileRef = 418429271F56D310004CE40E /* MainViewController.swift */; };
		4184292B1F56D310004CE40E /* Main.storyboard in Resources */ = {isa = PBXBuildFile; fileRef = 418429291F56D310004CE40E /* Main.storyboard */; };
		4184292D1F56D310004CE40E /* Assets.xcassets in Resources */ = {isa = PBXBuildFile; fileRef = 4184292C1F56D310004CE40E /* Assets.xcassets */; };
		418429301F56D310004CE40E /* LaunchScreen.storyboard in Resources */ = {isa = PBXBuildFile; fileRef = 4184292E1F56D310004CE40E /* LaunchScreen.storyboard */; };
		418429441F56EA90004CE40E /* MainViewShould.swift in Sources */ = {isa = PBXBuildFile; fileRef = 418429431F56EA90004CE40E /* MainViewShould.swift */; };
		418429461F56FB0A004CE40E /* DetailViewController.swift in Sources */ = {isa = PBXBuildFile; fileRef = 418429451F56FB0A004CE40E /* DetailViewController.swift */; };
		418429481F56FF68004CE40E /* DetailViewShould.swift in Sources */ = {isa = PBXBuildFile; fileRef = 418429471F56FF68004CE40E /* DetailViewShould.swift */; };
		BC8B350DACACE1BC8C562F81 /* Pods_ExampleProjectTests.framework in Frameworks */ = {isa = PBXBuildFile; fileRef = 9F7BE17BE56466E8A59F27E4 /* Pods_ExampleProjectTests.framework */; };
/* End PBXBuildFile section */

/* Begin PBXContainerItemProxy section */
		4184293E1F56E9AC004CE40E /* PBXContainerItemProxy */ = {
			isa = PBXContainerItemProxy;
			containerPortal = 41F1F4D21F01104100D31B35 /* Project object */;
			proxyType = 1;
			remoteGlobalIDString = 418429221F56D310004CE40E;
			remoteInfo = ExampleProject;
		};
/* End PBXContainerItemProxy section */

/* Begin PBXFileReference section */
		418429231F56D310004CE40E /* ExampleProject.app */ = {isa = PBXFileReference; explicitFileType = wrapper.application; includeInIndex = 0; path = ExampleProject.app; sourceTree = BUILT_PRODUCTS_DIR; };
		418429251F56D310004CE40E /* AppDelegate.swift */ = {isa = PBXFileReference; lastKnownFileType = sourcecode.swift; path = AppDelegate.swift; sourceTree = "<group>"; };
		418429271F56D310004CE40E /* MainViewController.swift */ = {isa = PBXFileReference; lastKnownFileType = sourcecode.swift; path = MainViewController.swift; sourceTree = "<group>"; };
		4184292A1F56D310004CE40E /* Base */ = {isa = PBXFileReference; lastKnownFileType = file.storyboard; name = Base; path = Base.lproj/Main.storyboard; sourceTree = "<group>"; };
		4184292C1F56D310004CE40E /* Assets.xcassets */ = {isa = PBXFileReference; lastKnownFileType = folder.assetcatalog; path = Assets.xcassets; sourceTree = "<group>"; };
		4184292F1F56D310004CE40E /* Base */ = {isa = PBXFileReference; lastKnownFileType = file.storyboard; name = Base; path = Base.lproj/LaunchScreen.storyboard; sourceTree = "<group>"; };
		418429311F56D310004CE40E /* Info.plist */ = {isa = PBXFileReference; lastKnownFileType = text.plist.xml; path = Info.plist; sourceTree = "<group>"; };
		418429391F56E9AC004CE40E /* ExampleProjectTests.xctest */ = {isa = PBXFileReference; explicitFileType = wrapper.cfbundle; includeInIndex = 0; path = ExampleProjectTests.xctest; sourceTree = BUILT_PRODUCTS_DIR; };
		4184293D1F56E9AC004CE40E /* Info.plist */ = {isa = PBXFileReference; lastKnownFileType = text.plist.xml; path = Info.plist; sourceTree = "<group>"; };
		418429431F56EA90004CE40E /* MainViewShould.swift */ = {isa = PBXFileReference; fileEncoding = 4; lastKnownFileType = sourcecode.swift; path = MainViewShould.swift; sourceTree = "<group>"; };
		418429451F56FB0A004CE40E /* DetailViewController.swift */ = {isa = PBXFileReference; fileEncoding = 4; lastKnownFileType = sourcecode.swift; path = DetailViewController.swift; sourceTree = "<group>"; };
		418429471F56FF68004CE40E /* DetailViewShould.swift */ = {isa = PBXFileReference; fileEncoding = 4; lastKnownFileType = sourcecode.swift; path = DetailViewShould.swift; sourceTree = "<group>"; };
		41D45E6E1F014FDD00A49B60 /* Sencha.podspec */ = {isa = PBXFileReference; fileEncoding = 4; lastKnownFileType = text; path = Sencha.podspec; sourceTree = "<group>"; xcLanguageSpecificationIdentifier = xcode.lang.ruby; };
		41D45E701F01543500A49B60 /* XCTest.framework */ = {isa = PBXFileReference; lastKnownFileType = wrapper.framework; name = XCTest.framework; path = Platforms/iPhoneOS.platform/Developer/Library/Frameworks/XCTest.framework; sourceTree = DEVELOPER_DIR; };
		41D595BB1F02457200CB5F57 /* README.markdown */ = {isa = PBXFileReference; lastKnownFileType = net.daringfireball.markdown; path = README.markdown; sourceTree = "<group>"; };
		4AEB6B785B6E9EE1EEAC9665 /* Pods-ExampleProjectTests.debug.xcconfig */ = {isa = PBXFileReference; includeInIndex = 1; lastKnownFileType = text.xcconfig; name = "Pods-ExampleProjectTests.debug.xcconfig"; path = "Pods/Target Support Files/Pods-ExampleProjectTests/Pods-ExampleProjectTests.debug.xcconfig"; sourceTree = "<group>"; };
		9F7BE17BE56466E8A59F27E4 /* Pods_ExampleProjectTests.framework */ = {isa = PBXFileReference; explicitFileType = wrapper.framework; includeInIndex = 0; path = Pods_ExampleProjectTests.framework; sourceTree = BUILT_PRODUCTS_DIR; };
		E601EC4EB43A31E70F2BF0B2 /* Pods-ExampleProjectTests.release.xcconfig */ = {isa = PBXFileReference; includeInIndex = 1; lastKnownFileType = text.xcconfig; name = "Pods-ExampleProjectTests.release.xcconfig"; path = "Pods/Target Support Files/Pods-ExampleProjectTests/Pods-ExampleProjectTests.release.xcconfig"; sourceTree = "<group>"; };
		E8D0CDFCD7D7CCEB19F2BE59 /* EarlGrey.framework */ = {isa = PBXFileReference; lastKnownFileType = wrapper.framework; name = EarlGrey.framework; path = "${SRCROOT}/Pods/EarlGrey/EarlGrey/EarlGrey.framework"; sourceTree = SRCROOT; };
/* End PBXFileReference section */

/* Begin PBXFrameworksBuildPhase section */
		418429201F56D310004CE40E /* Frameworks */ = {
			isa = PBXFrameworksBuildPhase;
			buildActionMask = 2147483647;
			files = (
			);
			runOnlyForDeploymentPostprocessing = 0;
		};
		418429361F56E9AC004CE40E /* Frameworks */ = {
			isa = PBXFrameworksBuildPhase;
			buildActionMask = 2147483647;
			files = (
				BC8B350DACACE1BC8C562F81 /* Pods_ExampleProjectTests.framework in Frameworks */,
			);
			runOnlyForDeploymentPostprocessing = 0;
		};
/* End PBXFrameworksBuildPhase section */

/* Begin PBXGroup section */
		206F57E049711FFACA6EECC5 /* Pods */ = {
			isa = PBXGroup;
			children = (
				4AEB6B785B6E9EE1EEAC9665 /* Pods-ExampleProjectTests.debug.xcconfig */,
				E601EC4EB43A31E70F2BF0B2 /* Pods-ExampleProjectTests.release.xcconfig */,
			);
			name = Pods;
			sourceTree = "<group>";
		};
		418429241F56D310004CE40E /* ExampleProject */ = {
			isa = PBXGroup;
			children = (
				418429251F56D310004CE40E /* AppDelegate.swift */,
				418429271F56D310004CE40E /* MainViewController.swift */,
				418429451F56FB0A004CE40E /* DetailViewController.swift */,
				418429291F56D310004CE40E /* Main.storyboard */,
				4184292C1F56D310004CE40E /* Assets.xcassets */,
				4184292E1F56D310004CE40E /* LaunchScreen.storyboard */,
				418429311F56D310004CE40E /* Info.plist */,
			);
			path = ExampleProject;
			sourceTree = "<group>";
		};
		4184293A1F56E9AC004CE40E /* ExampleProjectTests */ = {
			isa = PBXGroup;
			children = (
				4184293D1F56E9AC004CE40E /* Info.plist */,
				418429431F56EA90004CE40E /* MainViewShould.swift */,
				418429471F56FF68004CE40E /* DetailViewShould.swift */,
			);
			path = ExampleProjectTests;
			sourceTree = "<group>";
		};
		41F1F4D11F01104100D31B35 = {
			isa = PBXGroup;
			children = (
				41D595BB1F02457200CB5F57 /* README.markdown */,
				41D45E6E1F014FDD00A49B60 /* Sencha.podspec */,
				418429241F56D310004CE40E /* ExampleProject */,
				4184293A1F56E9AC004CE40E /* ExampleProjectTests */,
				41F1F4DC1F01104100D31B35 /* Products */,
				AC62590E832C74351652B6BD /* Frameworks */,
				206F57E049711FFACA6EECC5 /* Pods */,
			);
			sourceTree = "<group>";
		};
		41F1F4DC1F01104100D31B35 /* Products */ = {
			isa = PBXGroup;
			children = (
				E8D0CDFCD7D7CCEB19F2BE59 /* EarlGrey.framework */,
				418429231F56D310004CE40E /* ExampleProject.app */,
				418429391F56E9AC004CE40E /* ExampleProjectTests.xctest */,
			);
			name = Products;
			sourceTree = "<group>";
		};
		AC62590E832C74351652B6BD /* Frameworks */ = {
			isa = PBXGroup;
			children = (
				41D45E701F01543500A49B60 /* XCTest.framework */,
				9F7BE17BE56466E8A59F27E4 /* Pods_ExampleProjectTests.framework */,
			);
			name = Frameworks;
			sourceTree = "<group>";
		};
/* End PBXGroup section */

/* Begin PBXNativeTarget section */
		418429221F56D310004CE40E /* ExampleProject */ = {
			isa = PBXNativeTarget;
			buildConfigurationList = 418429341F56D311004CE40E /* Build configuration list for PBXNativeTarget "ExampleProject" */;
			buildPhases = (
				4184291F1F56D310004CE40E /* Sources */,
				418429201F56D310004CE40E /* Frameworks */,
				418429211F56D310004CE40E /* Resources */,
			);
			buildRules = (
			);
			dependencies = (
			);
			name = ExampleProject;
			productName = ExampleProject;
			productReference = 418429231F56D310004CE40E /* ExampleProject.app */;
			productType = "com.apple.product-type.application";
		};
		418429381F56E9AC004CE40E /* ExampleProjectTests */ = {
			isa = PBXNativeTarget;
			buildConfigurationList = 418429401F56E9AC004CE40E /* Build configuration list for PBXNativeTarget "ExampleProjectTests" */;
			buildPhases = (
				4F389CBC1FF7B947F0AC2375 /* [CP] Check Pods Manifest.lock */,
				418429351F56E9AC004CE40E /* Sources */,
				418429361F56E9AC004CE40E /* Frameworks */,
				418429371F56E9AC004CE40E /* Resources */,
				A8E7E05461515FC578FCE082 /* [CP] Embed Pods Frameworks */,
				9A3F659E1EEB62882963A2F6 /* [CP] Copy Pods Resources */,
			);
			buildRules = (
			);
			dependencies = (
				4184293F1F56E9AC004CE40E /* PBXTargetDependency */,
			);
			name = ExampleProjectTests;
			productName = ExampleProjectTests;
			productReference = 418429391F56E9AC004CE40E /* ExampleProjectTests.xctest */;
			productType = "com.apple.product-type.bundle.unit-test";
		};
/* End PBXNativeTarget section */

/* Begin PBXProject section */
		41F1F4D21F01104100D31B35 /* Project object */ = {
			isa = PBXProject;
			attributes = {
				LastSwiftUpdateCheck = 0830;
				LastUpgradeCheck = 0900;
				ORGANIZATIONNAME = "Schibsted Spain";
				TargetAttributes = {
					418429221F56D310004CE40E = {
						CreatedOnToolsVersion = 8.3.2;
						ProvisioningStyle = Automatic;
					};
					418429381F56E9AC004CE40E = {
						CreatedOnToolsVersion = 8.3.2;
						DevelopmentTeam = EJ3X4MB8HS;
						LastSwiftMigration = 0830;
						ProvisioningStyle = Automatic;
						TestTargetID = 418429221F56D310004CE40E;
					};
				};
			};
			buildConfigurationList = 41F1F4D51F01104100D31B35 /* Build configuration list for PBXProject "Sencha" */;
			compatibilityVersion = "Xcode 3.2";
			developmentRegion = English;
			hasScannedForEncodings = 0;
			knownRegions = (
				en,
				Base,
			);
			mainGroup = 41F1F4D11F01104100D31B35;
			productRefGroup = 41F1F4DC1F01104100D31B35 /* Products */;
			projectDirPath = "";
			projectRoot = "";
			targets = (
				418429221F56D310004CE40E /* ExampleProject */,
				418429381F56E9AC004CE40E /* ExampleProjectTests */,
			);
		};
/* End PBXProject section */

/* Begin PBXResourcesBuildPhase section */
		418429211F56D310004CE40E /* Resources */ = {
			isa = PBXResourcesBuildPhase;
			buildActionMask = 2147483647;
			files = (
				418429301F56D310004CE40E /* LaunchScreen.storyboard in Resources */,
				4184292D1F56D310004CE40E /* Assets.xcassets in Resources */,
				4184292B1F56D310004CE40E /* Main.storyboard in Resources */,
			);
			runOnlyForDeploymentPostprocessing = 0;
		};
		418429371F56E9AC004CE40E /* Resources */ = {
			isa = PBXResourcesBuildPhase;
			buildActionMask = 2147483647;
			files = (
			);
			runOnlyForDeploymentPostprocessing = 0;
		};
/* End PBXResourcesBuildPhase section */

/* Begin PBXShellScriptBuildPhase section */
		4F389CBC1FF7B947F0AC2375 /* [CP] Check Pods Manifest.lock */ = {
			isa = PBXShellScriptBuildPhase;
			buildActionMask = 2147483647;
			files = (
			);
			inputPaths = (
				"${PODS_PODFILE_DIR_PATH}/Podfile.lock",
				"${PODS_ROOT}/Manifest.lock",
			);
			name = "[CP] Check Pods Manifest.lock";
			outputPaths = (
				"$(DERIVED_FILE_DIR)/Pods-ExampleProjectTests-checkManifestLockResult.txt",
			);
			runOnlyForDeploymentPostprocessing = 0;
			shellPath = /bin/sh;
			shellScript = "diff \"${PODS_PODFILE_DIR_PATH}/Podfile.lock\" \"${PODS_ROOT}/Manifest.lock\" > /dev/null\nif [ $? != 0 ] ; then\n    # print error to STDERR\n    echo \"error: The sandbox is not in sync with the Podfile.lock. Run 'pod install' or update your CocoaPods installation.\" >&2\n    exit 1\nfi\n# This output is used by Xcode 'outputs' to avoid re-running this script phase.\necho \"SUCCESS\" > \"${SCRIPT_OUTPUT_FILE_0}\"\n";
			showEnvVarsInLog = 0;
		};
		9A3F659E1EEB62882963A2F6 /* [CP] Copy Pods Resources */ = {
			isa = PBXShellScriptBuildPhase;
			buildActionMask = 2147483647;
			files = (
			);
			inputPaths = (
			);
			name = "[CP] Copy Pods Resources";
			outputPaths = (
			);
			runOnlyForDeploymentPostprocessing = 0;
			shellPath = /bin/sh;
			shellScript = "\"${SRCROOT}/Pods/Target Support Files/Pods-ExampleProjectTests/Pods-ExampleProjectTests-resources.sh\"\n";
			showEnvVarsInLog = 0;
		};
		A8E7E05461515FC578FCE082 /* [CP] Embed Pods Frameworks */ = {
			isa = PBXShellScriptBuildPhase;
			buildActionMask = 2147483647;
			files = (
			);
			inputPaths = (
				"${SRCROOT}/Pods/Target Support Files/Pods-ExampleProjectTests/Pods-ExampleProjectTests-frameworks.sh",
				"${PODS_ROOT}/EarlGrey/EarlGrey/EarlGrey.framework",
				"${BUILT_PRODUCTS_DIR}/Sencha/Sencha.framework",
			);
			name = "[CP] Embed Pods Frameworks";
			outputPaths = (
				"${TARGET_BUILD_DIR}/${FRAMEWORKS_FOLDER_PATH}/EarlGrey.framework",
				"${TARGET_BUILD_DIR}/${FRAMEWORKS_FOLDER_PATH}/Sencha.framework",
			);
			runOnlyForDeploymentPostprocessing = 0;
			shellPath = /bin/sh;
			shellScript = "\"${SRCROOT}/Pods/Target Support Files/Pods-ExampleProjectTests/Pods-ExampleProjectTests-frameworks.sh\"\n";
			showEnvVarsInLog = 0;
		};
/* End PBXShellScriptBuildPhase section */

/* Begin PBXSourcesBuildPhase section */
		4184291F1F56D310004CE40E /* Sources */ = {
			isa = PBXSourcesBuildPhase;
			buildActionMask = 2147483647;
			files = (
				418429461F56FB0A004CE40E /* DetailViewController.swift in Sources */,
				418429281F56D310004CE40E /* MainViewController.swift in Sources */,
				418429261F56D310004CE40E /* AppDelegate.swift in Sources */,
			);
			runOnlyForDeploymentPostprocessing = 0;
		};
		418429351F56E9AC004CE40E /* Sources */ = {
			isa = PBXSourcesBuildPhase;
			buildActionMask = 2147483647;
			files = (
				418429481F56FF68004CE40E /* DetailViewShould.swift in Sources */,
				418429441F56EA90004CE40E /* MainViewShould.swift in Sources */,
			);
			runOnlyForDeploymentPostprocessing = 0;
		};
/* End PBXSourcesBuildPhase section */

/* Begin PBXTargetDependency section */
		4184293F1F56E9AC004CE40E /* PBXTargetDependency */ = {
			isa = PBXTargetDependency;
			target = 418429221F56D310004CE40E /* ExampleProject */;
			targetProxy = 4184293E1F56E9AC004CE40E /* PBXContainerItemProxy */;
		};
/* End PBXTargetDependency section */

/* Begin PBXVariantGroup section */
		418429291F56D310004CE40E /* Main.storyboard */ = {
			isa = PBXVariantGroup;
			children = (
				4184292A1F56D310004CE40E /* Base */,
			);
			name = Main.storyboard;
			sourceTree = "<group>";
		};
		4184292E1F56D310004CE40E /* LaunchScreen.storyboard */ = {
			isa = PBXVariantGroup;
			children = (
				4184292F1F56D310004CE40E /* Base */,
			);
			name = LaunchScreen.storyboard;
			sourceTree = "<group>";
		};
/* End PBXVariantGroup section */

/* Begin XCBuildConfiguration section */
		418429321F56D311004CE40E /* Debug */ = {
			isa = XCBuildConfiguration;
			buildSettings = {
				ASSETCATALOG_COMPILER_APPICON_NAME = AppIcon;
				DEVELOPMENT_TEAM = "";
				INFOPLIST_FILE = ExampleProject/Info.plist;
				LD_RUNPATH_SEARCH_PATHS = "$(inherited) @executable_path/Frameworks";
				PRODUCT_BUNDLE_IDENTIFIER = com.schibsted.ExampleProject;
				PRODUCT_NAME = "$(TARGET_NAME)";
				SWIFT_VERSION = 3.0;
			};
			name = Debug;
		};
		418429331F56D311004CE40E /* Release */ = {
			isa = XCBuildConfiguration;
			buildSettings = {
				ASSETCATALOG_COMPILER_APPICON_NAME = AppIcon;
				DEVELOPMENT_TEAM = "";
				INFOPLIST_FILE = ExampleProject/Info.plist;
				LD_RUNPATH_SEARCH_PATHS = "$(inherited) @executable_path/Frameworks";
				PRODUCT_BUNDLE_IDENTIFIER = com.schibsted.ExampleProject;
				PRODUCT_NAME = "$(TARGET_NAME)";
				SWIFT_VERSION = 3.0;
			};
			name = Release;
		};
		418429411F56E9AC004CE40E /* Debug */ = {
			isa = XCBuildConfiguration;
			baseConfigurationReference = 4AEB6B785B6E9EE1EEAC9665 /* Pods-ExampleProjectTests.debug.xcconfig */;
			buildSettings = {
				BUNDLE_LOADER = "$(TEST_HOST)";
				CLANG_ENABLE_MODULES = YES;
				DEVELOPMENT_TEAM = EJ3X4MB8HS;
				INFOPLIST_FILE = ExampleProjectTests/Info.plist;
				LD_RUNPATH_SEARCH_PATHS = "$(inherited) @executable_path/Frameworks @loader_path/Frameworks";
				PRODUCT_BUNDLE_IDENTIFIER = com.schibsted.ExampleProjectTests;
				PRODUCT_NAME = "$(TARGET_NAME)";
				SWIFT_OPTIMIZATION_LEVEL = "-Onone";
				SWIFT_VERSION = 3.0;
				TEST_HOST = "$(BUILT_PRODUCTS_DIR)/ExampleProject.app/ExampleProject";
			};
			name = Debug;
		};
		418429421F56E9AC004CE40E /* Release */ = {
			isa = XCBuildConfiguration;
			baseConfigurationReference = E601EC4EB43A31E70F2BF0B2 /* Pods-ExampleProjectTests.release.xcconfig */;
			buildSettings = {
				BUNDLE_LOADER = "$(TEST_HOST)";
				CLANG_ENABLE_MODULES = YES;
				DEVELOPMENT_TEAM = EJ3X4MB8HS;
				INFOPLIST_FILE = ExampleProjectTests/Info.plist;
				LD_RUNPATH_SEARCH_PATHS = "$(inherited) @executable_path/Frameworks @loader_path/Frameworks";
				PRODUCT_BUNDLE_IDENTIFIER = com.schibsted.ExampleProjectTests;
				PRODUCT_NAME = "$(TARGET_NAME)";
				SWIFT_VERSION = 3.0;
				TEST_HOST = "$(BUILT_PRODUCTS_DIR)/ExampleProject.app/ExampleProject";
			};
			name = Release;
		};
		41F1F4E11F01104100D31B35 /* Debug */ = {
			isa = XCBuildConfiguration;
			buildSettings = {
				ALWAYS_SEARCH_USER_PATHS = NO;
				CLANG_ANALYZER_NONNULL = YES;
				CLANG_ANALYZER_NUMBER_OBJECT_CONVERSION = YES_AGGRESSIVE;
				CLANG_CXX_LANGUAGE_STANDARD = "gnu++0x";
				CLANG_CXX_LIBRARY = "libc++";
				CLANG_ENABLE_MODULES = YES;
				CLANG_ENABLE_OBJC_ARC = YES;
				CLANG_WARN_BLOCK_CAPTURE_AUTORELEASING = YES;
				CLANG_WARN_BOOL_CONVERSION = YES;
				CLANG_WARN_COMMA = YES;
				CLANG_WARN_CONSTANT_CONVERSION = YES;
				CLANG_WARN_DIRECT_OBJC_ISA_USAGE = YES_ERROR;
				CLANG_WARN_DOCUMENTATION_COMMENTS = YES;
				CLANG_WARN_EMPTY_BODY = YES;
				CLANG_WARN_ENUM_CONVERSION = YES;
				CLANG_WARN_INFINITE_RECURSION = YES;
				CLANG_WARN_INT_CONVERSION = YES;
				CLANG_WARN_NON_LITERAL_NULL_CONVERSION = YES;
				CLANG_WARN_OBJC_LITERAL_CONVERSION = YES;
				CLANG_WARN_OBJC_ROOT_CLASS = YES_ERROR;
				CLANG_WARN_RANGE_LOOP_ANALYSIS = YES;
				CLANG_WARN_STRICT_PROTOTYPES = YES;
				CLANG_WARN_SUSPICIOUS_MOVE = YES;
				CLANG_WARN_UNREACHABLE_CODE = YES;
				CLANG_WARN__DUPLICATE_METHOD_MATCH = YES;
				"CODE_SIGN_IDENTITY[sdk=iphoneos*]" = "iPhone Developer";
				COPY_PHASE_STRIP = NO;
				CURRENT_PROJECT_VERSION = 1;
				DEBUG_INFORMATION_FORMAT = dwarf;
				ENABLE_STRICT_OBJC_MSGSEND = YES;
				ENABLE_TESTABILITY = YES;
				GCC_C_LANGUAGE_STANDARD = gnu99;
				GCC_DYNAMIC_NO_PIC = NO;
				GCC_NO_COMMON_BLOCKS = YES;
				GCC_OPTIMIZATION_LEVEL = 0;
				GCC_PREPROCESSOR_DEFINITIONS = (
					"DEBUG=1",
					"$(inherited)",
				);
				GCC_WARN_64_TO_32_BIT_CONVERSION = YES;
				GCC_WARN_ABOUT_RETURN_TYPE = YES_ERROR;
				GCC_WARN_UNDECLARED_SELECTOR = YES;
				GCC_WARN_UNINITIALIZED_AUTOS = YES_AGGRESSIVE;
				GCC_WARN_UNUSED_FUNCTION = YES;
				GCC_WARN_UNUSED_VARIABLE = YES;
				IPHONEOS_DEPLOYMENT_TARGET = 10.3;
				MTL_ENABLE_DEBUG_INFO = YES;
				ONLY_ACTIVE_ARCH = YES;
				SDKROOT = iphoneos;
				SWIFT_ACTIVE_COMPILATION_CONDITIONS = DEBUG;
				SWIFT_OPTIMIZATION_LEVEL = "-Onone";
				TARGETED_DEVICE_FAMILY = "1,2";
				VERSIONING_SYSTEM = "apple-generic";
				VERSION_INFO_PREFIX = "";
			};
			name = Debug;
		};
		41F1F4E21F01104100D31B35 /* Release */ = {
			isa = XCBuildConfiguration;
			buildSettings = {
				ALWAYS_SEARCH_USER_PATHS = NO;
				CLANG_ANALYZER_NONNULL = YES;
				CLANG_ANALYZER_NUMBER_OBJECT_CONVERSION = YES_AGGRESSIVE;
				CLANG_CXX_LANGUAGE_STANDARD = "gnu++0x";
				CLANG_CXX_LIBRARY = "libc++";
				CLANG_ENABLE_MODULES = YES;
				CLANG_ENABLE_OBJC_ARC = YES;
				CLANG_WARN_BLOCK_CAPTURE_AUTORELEASING = YES;
				CLANG_WARN_BOOL_CONVERSION = YES;
				CLANG_WARN_COMMA = YES;
				CLANG_WARN_CONSTANT_CONVERSION = YES;
				CLANG_WARN_DIRECT_OBJC_ISA_USAGE = YES_ERROR;
				CLANG_WARN_DOCUMENTATION_COMMENTS = YES;
				CLANG_WARN_EMPTY_BODY = YES;
				CLANG_WARN_ENUM_CONVERSION = YES;
				CLANG_WARN_INFINITE_RECURSION = YES;
				CLANG_WARN_INT_CONVERSION = YES;
				CLANG_WARN_NON_LITERAL_NULL_CONVERSION = YES;
				CLANG_WARN_OBJC_LITERAL_CONVERSION = YES;
				CLANG_WARN_OBJC_ROOT_CLASS = YES_ERROR;
				CLANG_WARN_RANGE_LOOP_ANALYSIS = YES;
				CLANG_WARN_STRICT_PROTOTYPES = YES;
				CLANG_WARN_SUSPICIOUS_MOVE = YES;
				CLANG_WARN_UNREACHABLE_CODE = YES;
				CLANG_WARN__DUPLICATE_METHOD_MATCH = YES;
				"CODE_SIGN_IDENTITY[sdk=iphoneos*]" = "iPhone Developer";
				COPY_PHASE_STRIP = NO;
				CURRENT_PROJECT_VERSION = 1;
				DEBUG_INFORMATION_FORMAT = "dwarf-with-dsym";
				ENABLE_NS_ASSERTIONS = NO;
				ENABLE_STRICT_OBJC_MSGSEND = YES;
				GCC_C_LANGUAGE_STANDARD = gnu99;
				GCC_NO_COMMON_BLOCKS = YES;
				GCC_WARN_64_TO_32_BIT_CONVERSION = YES;
				GCC_WARN_ABOUT_RETURN_TYPE = YES_ERROR;
				GCC_WARN_UNDECLARED_SELECTOR = YES;
				GCC_WARN_UNINITIALIZED_AUTOS = YES_AGGRESSIVE;
				GCC_WARN_UNUSED_FUNCTION = YES;
				GCC_WARN_UNUSED_VARIABLE = YES;
				IPHONEOS_DEPLOYMENT_TARGET = 10.3;
				MTL_ENABLE_DEBUG_INFO = NO;
				SDKROOT = iphoneos;
				SWIFT_OPTIMIZATION_LEVEL = "-Owholemodule";
				TARGETED_DEVICE_FAMILY = "1,2";
				VALIDATE_PRODUCT = YES;
				VERSIONING_SYSTEM = "apple-generic";
				VERSION_INFO_PREFIX = "";
			};
			name = Release;
		};
/* End XCBuildConfiguration section */

/* Begin XCConfigurationList section */
		418429341F56D311004CE40E /* Build configuration list for PBXNativeTarget "ExampleProject" */ = {
			isa = XCConfigurationList;
			buildConfigurations = (
				418429321F56D311004CE40E /* Debug */,
				418429331F56D311004CE40E /* Release */,
			);
			defaultConfigurationIsVisible = 0;
			defaultConfigurationName = Release;
		};
		418429401F56E9AC004CE40E /* Build configuration list for PBXNativeTarget "ExampleProjectTests" */ = {
			isa = XCConfigurationList;
			buildConfigurations = (
				418429411F56E9AC004CE40E /* Debug */,
				418429421F56E9AC004CE40E /* Release */,
			);
			defaultConfigurationIsVisible = 0;
			defaultConfigurationName = Release;
		};
		41F1F4D51F01104100D31B35 /* Build configuration list for PBXProject "Sencha" */ = {
			isa = XCConfigurationList;
			buildConfigurations = (
				41F1F4E11F01104100D31B35 /* Debug */,
				41F1F4E21F01104100D31B35 /* Release */,
			);
			defaultConfigurationIsVisible = 0;
			defaultConfigurationName = Release;
		};
/* End XCConfigurationList section */
	};
	rootObject = 41F1F4D21F01104100D31B35 /* Project object */;
}
